// !$*UTF8*$!
{
	archiveVersion = 1;
	classes = {
	};
	objectVersion = 50;
	objects = {

/* Begin PBXBuildFile section */
		00584D26247405B500635512 /* AppDelegate.swift in Sources */ = {isa = PBXBuildFile; fileRef = 00584D25247405B500635512 /* AppDelegate.swift */; };
		00584D28247405B500635512 /* SceneDelegate.swift in Sources */ = {isa = PBXBuildFile; fileRef = 00584D27247405B500635512 /* SceneDelegate.swift */; };
		00584D2A247405B500635512 /* ViewController.swift in Sources */ = {isa = PBXBuildFile; fileRef = 00584D29247405B500635512 /* ViewController.swift */; };
		00584D2D247405B500635512 /* Main.storyboard in Resources */ = {isa = PBXBuildFile; fileRef = 00584D2B247405B500635512 /* Main.storyboard */; };
		00584D2F247405B500635512 /* Assets.xcassets in Resources */ = {isa = PBXBuildFile; fileRef = 00584D2E247405B500635512 /* Assets.xcassets */; };
		00584D32247405B500635512 /* LaunchScreen.storyboard in Resources */ = {isa = PBXBuildFile; fileRef = 00584D30247405B500635512 /* LaunchScreen.storyboard */; };
		00A895DF247408A80097CA84 /* HorizontalProgressBar.swift in Sources */ = {isa = PBXBuildFile; fileRef = 00A895DE247408A80097CA84 /* HorizontalProgressBar.swift */; };
		00A895E12474136D0097CA84 /* CircularProgressBar.swift in Sources */ = {isa = PBXBuildFile; fileRef = 00A895E02474136D0097CA84 /* CircularProgressBar.swift */; };
/* End PBXBuildFile section */

/* Begin PBXFileReference section */
		00584D22247405B500635512 /* UIBezierPathProgressBars.app */ = {isa = PBXFileReference; explicitFileType = wrapper.application; includeInIndex = 0; path = UIBezierPathProgressBars.app; sourceTree = BUILT_PRODUCTS_DIR; };
		00584D25247405B500635512 /* AppDelegate.swift */ = {isa = PBXFileReference; lastKnownFileType = sourcecode.swift; path = AppDelegate.swift; sourceTree = "<group>"; };
		00584D27247405B500635512 /* SceneDelegate.swift */ = {isa = PBXFileReference; lastKnownFileType = sourcecode.swift; path = SceneDelegate.swift; sourceTree = "<group>"; };
		00584D29247405B500635512 /* ViewController.swift */ = {isa = PBXFileReference; lastKnownFileType = sourcecode.swift; path = ViewController.swift; sourceTree = "<group>"; };
		00584D2C247405B500635512 /* Base */ = {isa = PBXFileReference; lastKnownFileType = file.storyboard; name = Base; path = Base.lproj/Main.storyboard; sourceTree = "<group>"; };
		00584D2E247405B500635512 /* Assets.xcassets */ = {isa = PBXFileReference; lastKnownFileType = folder.assetcatalog; path = Assets.xcassets; sourceTree = "<group>"; };
		00584D31247405B500635512 /* Base */ = {isa = PBXFileReference; lastKnownFileType = file.storyboard; name = Base; path = Base.lproj/LaunchScreen.storyboard; sourceTree = "<group>"; };
		00584D33247405B500635512 /* Info.plist */ = {isa = PBXFileReference; lastKnownFileType = text.plist.xml; path = Info.plist; sourceTree = "<group>"; };
		00A895DE247408A80097CA84 /* HorizontalProgressBar.swift */ = {isa = PBXFileReference; lastKnownFileType = sourcecode.swift; path = HorizontalProgressBar.swift; sourceTree = "<group>"; };
		00A895E02474136D0097CA84 /* CircularProgressBar.swift */ = {isa = PBXFileReference; lastKnownFileType = sourcecode.swift; path = CircularProgressBar.swift; sourceTree = "<group>"; };
/* End PBXFileReference section */

/* Begin PBXFrameworksBuildPhase section */
		00584D1F247405B500635512 /* Frameworks */ = {
			isa = PBXFrameworksBuildPhase;
			buildActionMask = 2147483647;
			files = (
			);
			runOnlyForDeploymentPostprocessing = 0;
		};
/* End PBXFrameworksBuildPhase section */

/* Begin PBXGroup section */
		00584D19247405B500635512 = {
			isa = PBXGroup;
			children = (
				00584D24247405B500635512 /* UIBezierPathProgressBars */,
				00584D23247405B500635512 /* Products */,
			);
			sourceTree = "<group>";
		};
		00584D23247405B500635512 /* Products */ = {
			isa = PBXGroup;
			children = (
				00584D22247405B500635512 /* UIBezierPathProgressBars.app */,
			);
			name = Products;
			sourceTree = "<group>";
		};
		00584D24247405B500635512 /* UIBezierPathProgressBars */ = {
			isa = PBXGroup;
			children = (
				00584D25247405B500635512 /* AppDelegate.swift */,
				00584D27247405B500635512 /* SceneDelegate.swift */,
				00584D29247405B500635512 /* ViewController.swift */,
				00A895DE247408A80097CA84 /* HorizontalProgressBar.swift */,
				00A895E02474136D0097CA84 /* CircularProgressBar.swift */,
				00584D2B247405B500635512 /* Main.storyboard */,
				00584D2E247405B500635512 /* Assets.xcassets */,
				00584D30247405B500635512 /* LaunchScreen.storyboard */,
				00584D33247405B500635512 /* Info.plist */,
			);
			path = UIBezierPathProgressBars;
			sourceTree = "<group>";
		};
/* End PBXGroup section */

/* Begin PBXNativeTarget section */
		00584D21247405B500635512 /* UIBezierPathProgressBars */ = {
			isa = PBXNativeTarget;
			buildConfigurationList = 00584D36247405B500635512 /* Build configuration list for PBXNativeTarget "UIBezierPathProgressBars" */;
			buildPhases = (
				00584D1E247405B500635512 /* Sources */,
				00584D1F247405B500635512 /* Frameworks */,
				00584D20247405B500635512 /* Resources */,
			);
			buildRules = (
			);
			dependencies = (
			);
			name = UIBezierPathProgressBars;
			productName = UIBezierPathProgressBars;
			productReference = 00584D22247405B500635512 /* UIBezierPathProgressBars.app */;
			productType = "com.apple.product-type.application";
		};
/* End PBXNativeTarget section */

/* Begin PBXProject section */
		00584D1A247405B500635512 /* Project object */ = {
			isa = PBXProject;
			attributes = {
				LastSwiftUpdateCheck = 1140;
				LastUpgradeCheck = 1140;
				ORGANIZATIONNAME = "Fábio Salata";
				TargetAttributes = {
					00584D21247405B500635512 = {
						CreatedOnToolsVersion = 11.4.1;
					};
				};
			};
			buildConfigurationList = 00584D1D247405B500635512 /* Build configuration list for PBXProject "UIBezierPathProgressBars" */;
			compatibilityVersion = "Xcode 9.3";
			developmentRegion = en;
			hasScannedForEncodings = 0;
			knownRegions = (
				en,
				Base,
			);
			mainGroup = 00584D19247405B500635512;
			productRefGroup = 00584D23247405B500635512 /* Products */;
			projectDirPath = "";
			projectRoot = "";
			targets = (
				00584D21247405B500635512 /* UIBezierPathProgressBars */,
			);
		};
/* End PBXProject section */

/* Begin PBXResourcesBuildPhase section */
		00584D20247405B500635512 /* Resources */ = {
			isa = PBXResourcesBuildPhase;
			buildActionMask = 2147483647;
			files = (
				00584D32247405B500635512 /* LaunchScreen.storyboard in Resources */,
				00584D2F247405B500635512 /* Assets.xcassets in Resources */,
				00584D2D247405B500635512 /* Main.storyboard in Resources */,
			);
			runOnlyForDeploymentPostprocessing = 0;
		};
/* End PBXResourcesBuildPhase section */

/* Begin PBXSourcesBuildPhase section */
		00584D1E247405B500635512 /* Sources */ = {
			isa = PBXSourcesBuildPhase;
			buildActionMask = 2147483647;
			files = (
				00584D2A247405B500635512 /* ViewController.swift in Sources */,
				00584D26247405B500635512 /* AppDelegate.swift in Sources */,
				00A895DF247408A80097CA84 /* HorizontalProgressBar.swift in Sources */,
				00584D28247405B500635512 /* SceneDelegate.swift in Sources */,
				00A895E12474136D0097CA84 /* CircularProgressBar.swift in Sources */,
			);
			runOnlyForDeploymentPostprocessing = 0;
		};
/* End PBXSourcesBuildPhase section */

/* Begin PBXVariantGroup section */
		00584D2B247405B500635512 /* Main.storyboard */ = {
			isa = PBXVariantGroup;
			children = (
				00584D2C247405B500635512 /* Base */,
			);
			name = Main.storyboard;
			sourceTree = "<group>";
		};
		00584D30247405B500635512 /* LaunchScreen.storyboard */ = {
			isa = PBXVariantGroup;
			children = (
				00584D31247405B500635512 /* Base */,
			);
			name = LaunchScreen.storyboard;
			sourceTree = "<group>";
		};
/* End PBXVariantGroup section */

/* Begin XCBuildConfiguration section */
		00584D34247405B500635512 /* Debug */ = {
			isa = XCBuildConfiguration;
			buildSettings = {
				ALWAYS_SEARCH_USER_PATHS = NO;
				CLANG_ANALYZER_NONNULL = YES;
				CLANG_ANALYZER_NUMBER_OBJECT_CONVERSION = YES_AGGRESSIVE;
				CLANG_CXX_LANGUAGE_STANDARD = "gnu++14";
				CLANG_CXX_LIBRARY = "libc++";
				CLANG_ENABLE_MODULES = YES;
				CLANG_ENABLE_OBJC_ARC = YES;
				CLANG_ENABLE_OBJC_WEAK = YES;
				CLANG_WARN_BLOCK_CAPTURE_AUTORELEASING = YES;
				CLANG_WARN_BOOL_CONVERSION = YES;
				CLANG_WARN_COMMA = YES;
				CLANG_WARN_CONSTANT_CONVERSION = YES;
				CLANG_WARN_DEPRECATED_OBJC_IMPLEMENTATIONS = YES;
				CLANG_WARN_DIRECT_OBJC_ISA_USAGE = YES_ERROR;
				CLANG_WARN_DOCUMENTATION_COMMENTS = YES;
				CLANG_WARN_EMPTY_BODY = YES;
				CLANG_WARN_ENUM_CONVERSION = YES;
				CLANG_WARN_INFINITE_RECURSION = YES;
				CLANG_WARN_INT_CONVERSION = YES;
				CLANG_WARN_NON_LITERAL_NULL_CONVERSION = YES;
				CLANG_WARN_OBJC_IMPLICIT_RETAIN_SELF = YES;
				CLANG_WARN_OBJC_LITERAL_CONVERSION = YES;
				CLANG_WARN_OBJC_ROOT_CLASS = YES_ERROR;
				CLANG_WARN_RANGE_LOOP_ANALYSIS = YES;
				CLANG_WARN_STRICT_PROTOTYPES = YES;
				CLANG_WARN_SUSPICIOUS_MOVE = YES;
				CLANG_WARN_UNGUARDED_AVAILABILITY = YES_AGGRESSIVE;
				CLANG_WARN_UNREACHABLE_CODE = YES;
				CLANG_WARN__DUPLICATE_METHOD_MATCH = YES;
				COPY_PHASE_STRIP = NO;
				DEBUG_INFORMATION_FORMAT = dwarf;
				ENABLE_STRICT_OBJC_MSGSEND = YES;
				ENABLE_TESTABILITY = YES;
				GCC_C_LANGUAGE_STANDARD = gnu11;
				GCC_DYNAMIC_NO_PIC = NO;
				GCC_NO_COMMON_BLOCKS = YES;
				GCC_OPTIMIZATION_LEVEL = 0;
				GCC_PREPROCESSOR_DEFINITIONS = (
					"DEBUG=1",
					"$(inherited)",
				);
				GCC_WARN_64_TO_32_BIT_CONVERSION = YES;
				GCC_WARN_ABOUT_RETURN_TYPE = YES_ERROR;
				GCC_WARN_UNDECLARED_SELECTOR = YES;
				GCC_WARN_UNINITIALIZED_AUTOS = YES_AGGRESSIVE;
				GCC_WARN_UNUSED_FUNCTION = YES;
				GCC_WARN_UNUSED_VARIABLE = YES;
				IPHONEOS_DEPLOYMENT_TARGET = 13.4;
				MTL_ENABLE_DEBUG_INFO = INCLUDE_SOURCE;
				MTL_FAST_MATH = YES;
				ONLY_ACTIVE_ARCH = YES;
				SDKROOT = iphoneos;
				SWIFT_ACTIVE_COMPILATION_CONDITIONS = DEBUG;
				SWIFT_OPTIMIZATION_LEVEL = "-Onone";
			};
			name = Debug;
		};
		00584D35247405B500635512 /* Release */ = {
			isa = XCBuildConfiguration;
			buildSettings = {
				ALWAYS_SEARCH_USER_PATHS = NO;
				CLANG_ANALYZER_NONNULL = YES;
				CLANG_ANALYZER_NUMBER_OBJECT_CONVERSION = YES_AGGRESSIVE;
				CLANG_CXX_LANGUAGE_STANDARD = "gnu++14";
				CLANG_CXX_LIBRARY = "libc++";
				CLANG_ENABLE_MODULES = YES;
				CLANG_ENABLE_OBJC_ARC = YES;
				CLANG_ENABLE_OBJC_WEAK = YES;
				CLANG_WARN_BLOCK_CAPTURE_AUTORELEASING = YES;
				CLANG_WARN_BOOL_CONVERSION = YES;
				CLANG_WARN_COMMA = YES;
				CLANG_WARN_CONSTANT_CONVERSION = YES;
				CLANG_WARN_DEPRECATED_OBJC_IMPLEMENTATIONS = YES;
				CLANG_WARN_DIRECT_OBJC_ISA_USAGE = YES_ERROR;
				CLANG_WARN_DOCUMENTATION_COMMENTS = YES;
				CLANG_WARN_EMPTY_BODY = YES;
				CLANG_WARN_ENUM_CONVERSION = YES;
				CLANG_WARN_INFINITE_RECURSION = YES;
				CLANG_WARN_INT_CONVERSION = YES;
				CLANG_WARN_NON_LITERAL_NULL_CONVERSION = YES;
				CLANG_WARN_OBJC_IMPLICIT_RETAIN_SELF = YES;
				CLANG_WARN_OBJC_LITERAL_CONVERSION = YES;
				CLANG_WARN_OBJC_ROOT_CLASS = YES_ERROR;
				CLANG_WARN_RANGE_LOOP_ANALYSIS = YES;
				CLANG_WARN_STRICT_PROTOTYPES = YES;
				CLANG_WARN_SUSPICIOUS_MOVE = YES;
				CLANG_WARN_UNGUARDED_AVAILABILITY = YES_AGGRESSIVE;
				CLANG_WARN_UNREACHABLE_CODE = YES;
				CLANG_WARN__DUPLICATE_METHOD_MATCH = YES;
				COPY_PHASE_STRIP = NO;
				DEBUG_INFORMATION_FORMAT = "dwarf-with-dsym";
				ENABLE_NS_ASSERTIONS = NO;
				ENABLE_STRICT_OBJC_MSGSEND = YES;
				GCC_C_LANGUAGE_STANDARD = gnu11;
				GCC_NO_COMMON_BLOCKS = YES;
				GCC_WARN_64_TO_32_BIT_CONVERSION = YES;
				GCC_WARN_ABOUT_RETURN_TYPE = YES_ERROR;
				GCC_WARN_UNDECLARED_SELECTOR = YES;
				GCC_WARN_UNINITIALIZED_AUTOS = YES_AGGRESSIVE;
				GCC_WARN_UNUSED_FUNCTION = YES;
				GCC_WARN_UNUSED_VARIABLE = YES;
				IPHONEOS_DEPLOYMENT_TARGET = 13.4;
				MTL_ENABLE_DEBUG_INFO = NO;
				MTL_FAST_MATH = YES;
				SDKROOT = iphoneos;
				SWIFT_COMPILATION_MODE = wholemodule;
				SWIFT_OPTIMIZATION_LEVEL = "-O";
				VALIDATE_PRODUCT = YES;
			};
			name = Release;
		};
		00584D37247405B500635512 /* Debug */ = {
			isa = XCBuildConfiguration;
			buildSettings = {
				ASSETCATALOG_COMPILER_APPICON_NAME = AppIcon;
				CODE_SIGN_STYLE = Automatic;
				DEVELOPMENT_TEAM = 4473R8PQA5;
				INFOPLIST_FILE = UIBezierPathProgressBars/Info.plist;
				LD_RUNPATH_SEARCH_PATHS = (
					"$(inherited)",
					"@executable_path/Frameworks",
				);
				PRODUCT_BUNDLE_IDENTIFIER = dev.fabiosalata.UIBezierPathProgressBars;
				PRODUCT_NAME = "$(TARGET_NAME)";
				SWIFT_VERSION = 5.0;
				TARGETED_DEVICE_FAMILY = 1;
			};
			name = Debug;
		};
		00584D38247405B500635512 /* Release */ = {
			isa = XCBuildConfiguration;
			buildSettings = {
				ASSETCATALOG_COMPILER_APPICON_NAME = AppIcon;
				CODE_SIGN_STYLE = Automatic;
				DEVELOPMENT_TEAM = 4473R8PQA5;
				INFOPLIST_FILE = UIBezierPathProgressBars/Info.plist;
				LD_RUNPATH_SEARCH_PATHS = (
					"$(inherited)",
					"@executable_path/Frameworks",
				);
				PRODUCT_BUNDLE_IDENTIFIER = dev.fabiosalata.UIBezierPathProgressBars;
				PRODUCT_NAME = "$(TARGET_NAME)";
				SWIFT_VERSION = 5.0;
				TARGETED_DEVICE_FAMILY = 1;
			};
			name = Release;
		};
/* End XCBuildConfiguration section */

/* Begin XCConfigurationList section */
		00584D1D247405B500635512 /* Build configuration list for PBXProject "UIBezierPathProgressBars" */ = {
			isa = XCConfigurationList;
			buildConfigurations = (
				00584D34247405B500635512 /* Debug */,
				00584D35247405B500635512 /* Release */,
			);
			defaultConfigurationIsVisible = 0;
			defaultConfigurationName = Release;
		};
		00584D36247405B500635512 /* Build configuration list for PBXNativeTarget "UIBezierPathProgressBars" */ = {
			isa = XCConfigurationList;
			buildConfigurations = (
				00584D37247405B500635512 /* Debug */,
				00584D38247405B500635512 /* Release */,
			);
			defaultConfigurationIsVisible = 0;
			defaultConfigurationName = Release;
		};
/* End XCConfigurationList section */
	};
	rootObject = 00584D1A247405B500635512 /* Project object */;
}
